
Microsoft Visual Studio Solution File, Format Version 12.00
Project("{FAE04EC0-301F-11D3-BF4B-00C04F79EFBC}") = "HttpExtensions", "src\HttpExtensions\HttpExtensions.csproj", "{7FDA4AC2-6A69-4EE1-AF5E-E0C8E7508FB2}"
EndProject
Project("{2150E333-8FDC-42A3-9474-1A3956D46DE8}") = "src", "src", "{3292FC1E-2B79-4F8D-91DE-6C5F4229B3C1}"
EndProject
Project("{2150E333-8FDC-42A3-9474-1A3956D46DE8}") = "tests", "tests", "{08D1A89F-375B-4975-9B94-891A4B777CBA}"
EndProject
Project("{FAE04EC0-301F-11D3-BF4B-00C04F79EFBC}") = "HttpExtensions.Domain.UnitTests", "tests\HttpExtensions.Domain.UnitTests\HttpExtensions.Domain.UnitTests.csproj", "{89E60EC3-AD78-459F-919B-A4313A6C0202}"
EndProject
Project("{FAE04EC0-301F-11D3-BF4B-00C04F79EFBC}") = "HttpExtensions.IntegrationTests", "tests\HttpExtensions.IntegrationTests\HttpExtensions.IntegrationTests.csproj", "{1557E50E-B46C-4594-AEF2-A86FCB50E783}"
EndProject
Global
	GlobalSection(SolutionConfigurationPlatforms) = preSolution
		Debug|Any CPU = Debug|Any CPU
		Release|Any CPU = Release|Any CPU
	EndGlobalSection
	GlobalSection(ProjectConfigurationPlatforms) = postSolution
		{7FDA4AC2-6A69-4EE1-AF5E-E0C8E7508FB2}.Debug|Any CPU.ActiveCfg = Debug|Any CPU
		{7FDA4AC2-6A69-4EE1-AF5E-E0C8E7508FB2}.Debug|Any CPU.Build.0 = Debug|Any CPU
		{7FDA4AC2-6A69-4EE1-AF5E-E0C8E7508FB2}.Release|Any CPU.ActiveCfg = Release|Any CPU
		{7FDA4AC2-6A69-4EE1-AF5E-E0C8E7508FB2}.Release|Any CPU.Build.0 = Release|Any CPU
		{89E60EC3-AD78-459F-919B-A4313A6C0202}.Debug|Any CPU.ActiveCfg = Debug|Any CPU
		{89E60EC3-AD78-459F-919B-A4313A6C0202}.Debug|Any CPU.Build.0 = Debug|Any CPU
		{89E60EC3-AD78-459F-919B-A4313A6C0202}.Release|Any CPU.ActiveCfg = Release|Any CPU
		{89E60EC3-AD78-459F-919B-A4313A6C0202}.Release|Any CPU.Build.0 = Release|Any CPU
		{1557E50E-B46C-4594-AEF2-A86FCB50E783}.Debug|Any CPU.ActiveCfg = Debug|Any CPU
		{1557E50E-B46C-4594-AEF2-A86FCB50E783}.Debug|Any CPU.Build.0 = Debug|Any CPU
		{1557E50E-B46C-4594-AEF2-A86FCB50E783}.Release|Any CPU.ActiveCfg = Release|Any CPU
		{1557E50E-B46C-4594-AEF2-A86FCB50E783}.Release|Any CPU.Build.0 = Release|Any CPU
	EndGlobalSection
	GlobalSection(NestedProjects) = preSolution
		{7FDA4AC2-6A69-4EE1-AF5E-E0C8E7508FB2} = {3292FC1E-2B79-4F8D-91DE-6C5F4229B3C1}
		{89E60EC3-AD78-459F-919B-A4313A6C0202} = {08D1A89F-375B-4975-9B94-891A4B777CBA}
		{1557E50E-B46C-4594-AEF2-A86FCB50E783} = {08D1A89F-375B-4975-9B94-891A4B777CBA}
	EndGlobalSection
EndGlobal
